// !$*UTF8*$!
{
	archiveVersion = 1;
	classes = {
	};
	objectVersion = 56;
	objects = {

/* Begin PBXBuildFile section */
		457471452C05D623008C110D /* SaveLinkApp.swift in Sources */ = {isa = PBXBuildFile; fileRef = 457471442C05D623008C110D /* SaveLinkApp.swift */; };
		457471472C05D623008C110D /* AuthenticationView.swift in Sources */ = {isa = PBXBuildFile; fileRef = 457471462C05D623008C110D /* AuthenticationView.swift */; };
		457471492C05D624008C110D /* Assets.xcassets in Resources */ = {isa = PBXBuildFile; fileRef = 457471482C05D624008C110D /* Assets.xcassets */; };
		4574714C2C05D624008C110D /* Preview Assets.xcassets in Resources */ = {isa = PBXBuildFile; fileRef = 4574714B2C05D624008C110D /* Preview Assets.xcassets */; };
		457471542C05D650008C110D /* FirebaseAnalytics in Frameworks */ = {isa = PBXBuildFile; productRef = 457471532C05D650008C110D /* FirebaseAnalytics */; };
		457471582C05D7CC008C110D /* FirebaseAnalyticsOnDeviceConversion in Frameworks */ = {isa = PBXBuildFile; productRef = 457471572C05D7CC008C110D /* FirebaseAnalyticsOnDeviceConversion */; };
		4574715A2C05D7CC008C110D /* FirebaseAnalyticsSwift in Frameworks */ = {isa = PBXBuildFile; productRef = 457471592C05D7CC008C110D /* FirebaseAnalyticsSwift */; };
		4574715D2C05DFC2008C110D /* LoginWithEmailView.swift in Sources */ = {isa = PBXBuildFile; fileRef = 4574715C2C05DFC2008C110D /* LoginWithEmailView.swift */; };
		4574715F2C05E339008C110D /* RegisterWithEmailView.swift in Sources */ = {isa = PBXBuildFile; fileRef = 4574715E2C05E339008C110D /* RegisterWithEmailView.swift */; };
		457471612C05E3E2008C110D /* DismissView.swift in Sources */ = {isa = PBXBuildFile; fileRef = 457471602C05E3E1008C110D /* DismissView.swift */; };
		457471642C09C827008C110D /* FirebaseAuth in Frameworks */ = {isa = PBXBuildFile; productRef = 457471632C09C827008C110D /* FirebaseAuth */; };
		457471672C09C8A3008C110D /* AuthenticationFirebaseDataSource.swift in Sources */ = {isa = PBXBuildFile; fileRef = 457471662C09C8A3008C110D /* AuthenticationFirebaseDataSource.swift */; };
		4574716B2C09CA93008C110D /* AuthenticationRepository.swift in Sources */ = {isa = PBXBuildFile; fileRef = 4574716A2C09CA93008C110D /* AuthenticationRepository.swift */; };
		4574716E2C09CB33008C110D /* AuthenticationViewModel.swift in Sources */ = {isa = PBXBuildFile; fileRef = 4574716D2C09CB33008C110D /* AuthenticationViewModel.swift */; };
		457471702C0E1F34008C110D /* GoogleService-Info.plist in Resources */ = {isa = PBXBuildFile; fileRef = 4574716F2C0E1F34008C110D /* GoogleService-Info.plist */; };
		457471722C0E26C8008C110D /* HomeView.swift in Sources */ = {isa = PBXBuildFile; fileRef = 457471712C0E26C8008C110D /* HomeView.swift */; };
		457471752C0F1917008C110D /* FirebaseFirestore in Frameworks */ = {isa = PBXBuildFile; productRef = 457471742C0F1917008C110D /* FirebaseFirestore */; };
		457471772C0F192D008C110D /* FirebaseFirestoreSwift in Frameworks */ = {isa = PBXBuildFile; productRef = 457471762C0F192D008C110D /* FirebaseFirestoreSwift */; };
/* End PBXBuildFile section */

/* Begin PBXFileReference section */
		457471412C05D623008C110D /* SaveLink.app */ = {isa = PBXFileReference; explicitFileType = wrapper.application; includeInIndex = 0; path = SaveLink.app; sourceTree = BUILT_PRODUCTS_DIR; };
		457471442C05D623008C110D /* SaveLinkApp.swift */ = {isa = PBXFileReference; lastKnownFileType = sourcecode.swift; path = SaveLinkApp.swift; sourceTree = "<group>"; };
		457471462C05D623008C110D /* AuthenticationView.swift */ = {isa = PBXFileReference; lastKnownFileType = sourcecode.swift; path = AuthenticationView.swift; sourceTree = "<group>"; };
		457471482C05D624008C110D /* Assets.xcassets */ = {isa = PBXFileReference; lastKnownFileType = folder.assetcatalog; path = Assets.xcassets; sourceTree = "<group>"; };
		4574714B2C05D624008C110D /* Preview Assets.xcassets */ = {isa = PBXFileReference; lastKnownFileType = folder.assetcatalog; path = "Preview Assets.xcassets"; sourceTree = "<group>"; };
		4574715C2C05DFC2008C110D /* LoginWithEmailView.swift */ = {isa = PBXFileReference; lastKnownFileType = sourcecode.swift; path = LoginWithEmailView.swift; sourceTree = "<group>"; };
		4574715E2C05E339008C110D /* RegisterWithEmailView.swift */ = {isa = PBXFileReference; lastKnownFileType = sourcecode.swift; path = RegisterWithEmailView.swift; sourceTree = "<group>"; };
		457471602C05E3E1008C110D /* DismissView.swift */ = {isa = PBXFileReference; lastKnownFileType = sourcecode.swift; path = DismissView.swift; sourceTree = "<group>"; };
		457471662C09C8A3008C110D /* AuthenticationFirebaseDataSource.swift */ = {isa = PBXFileReference; lastKnownFileType = sourcecode.swift; path = AuthenticationFirebaseDataSource.swift; sourceTree = "<group>"; };
		4574716A2C09CA93008C110D /* AuthenticationRepository.swift */ = {isa = PBXFileReference; lastKnownFileType = sourcecode.swift; path = AuthenticationRepository.swift; sourceTree = "<group>"; };
		4574716D2C09CB33008C110D /* AuthenticationViewModel.swift */ = {isa = PBXFileReference; lastKnownFileType = sourcecode.swift; path = AuthenticationViewModel.swift; sourceTree = "<group>"; };
		4574716F2C0E1F34008C110D /* GoogleService-Info.plist */ = {isa = PBXFileReference; fileEncoding = 4; lastKnownFileType = text.plist.xml; name = "GoogleService-Info.plist"; path = "../../GoogleService-Info.plist"; sourceTree = "<group>"; };
		457471712C0E26C8008C110D /* HomeView.swift */ = {isa = PBXFileReference; lastKnownFileType = sourcecode.swift; path = HomeView.swift; sourceTree = "<group>"; };
/* End PBXFileReference section */

/* Begin PBXFrameworksBuildPhase section */
		4574713E2C05D623008C110D /* Frameworks */ = {
			isa = PBXFrameworksBuildPhase;
			buildActionMask = 2147483647;
			files = (
				4574715A2C05D7CC008C110D /* FirebaseAnalyticsSwift in Frameworks */,
				457471542C05D650008C110D /* FirebaseAnalytics in Frameworks */,
				457471582C05D7CC008C110D /* FirebaseAnalyticsOnDeviceConversion in Frameworks */,
				457471752C0F1917008C110D /* FirebaseFirestore in Frameworks */,
				457471642C09C827008C110D /* FirebaseAuth in Frameworks */,
				457471772C0F192D008C110D /* FirebaseFirestoreSwift in Frameworks */,
			);
			runOnlyForDeploymentPostprocessing = 0;
		};
/* End PBXFrameworksBuildPhase section */

/* Begin PBXGroup section */
		457471382C05D623008C110D = {
			isa = PBXGroup;
			children = (
				457471432C05D623008C110D /* SaveLink */,
				457471422C05D623008C110D /* Products */,
				457471622C09C827008C110D /* Frameworks */,
			);
			sourceTree = "<group>";
		};
		457471422C05D623008C110D /* Products */ = {
			isa = PBXGroup;
			children = (
				457471412C05D623008C110D /* SaveLink.app */,
			);
			name = Products;
			sourceTree = "<group>";
		};
		457471432C05D623008C110D /* SaveLink */ = {
			isa = PBXGroup;
			children = (
				457471782C0F1941008C110D /* Links */,
				457471732C0E2B7E008C110D /* Authentication */,
				457471442C05D623008C110D /* SaveLinkApp.swift */,
				4574716F2C0E1F34008C110D /* GoogleService-Info.plist */,
				457471482C05D624008C110D /* Assets.xcassets */,
				4574714A2C05D624008C110D /* Preview Content */,
			);
			path = SaveLink;
			sourceTree = "<group>";
		};
		4574714A2C05D624008C110D /* Preview Content */ = {
			isa = PBXGroup;
			children = (
				4574714B2C05D624008C110D /* Preview Assets.xcassets */,
			);
			path = "Preview Content";
			sourceTree = "<group>";
		};
		4574715B2C05DF98008C110D /* View */ = {
			isa = PBXGroup;
			children = (
				457471462C05D623008C110D /* AuthenticationView.swift */,
				4574715C2C05DFC2008C110D /* LoginWithEmailView.swift */,
				4574715E2C05E339008C110D /* RegisterWithEmailView.swift */,
				457471602C05E3E1008C110D /* DismissView.swift */,
			);
			path = View;
			sourceTree = "<group>";
		};
		457471622C09C827008C110D /* Frameworks */ = {
			isa = PBXGroup;
			children = (
			);
			name = Frameworks;
			sourceTree = "<group>";
		};
		457471652C09C882008C110D /* Repository */ = {
			isa = PBXGroup;
			children = (
				457471662C09C8A3008C110D /* AuthenticationFirebaseDataSource.swift */,
				4574716A2C09CA93008C110D /* AuthenticationRepository.swift */,
			);
			path = Repository;
			sourceTree = "<group>";
		};
		4574716C2C09CB23008C110D /* ViewModel */ = {
			isa = PBXGroup;
			children = (
				4574716D2C09CB33008C110D /* AuthenticationViewModel.swift */,
			);
			path = ViewModel;
			sourceTree = "<group>";
		};
		457471732C0E2B7E008C110D /* Authentication */ = {
			isa = PBXGroup;
			children = (
				4574716C2C09CB23008C110D /* ViewModel */,
				457471652C09C882008C110D /* Repository */,
				4574715B2C05DF98008C110D /* View */,
			);
			path = Authentication;
			sourceTree = "<group>";
		};
		457471782C0F1941008C110D /* Links */ = {
			isa = PBXGroup;
			children = (
				4574717B2C0F1958008C110D /* ViewModel */,
				4574717A2C0F194E008C110D /* Repository */,
				457471792C0F1947008C110D /* View */,
			);
			path = Links;
			sourceTree = "<group>";
		};
		457471792C0F1947008C110D /* View */ = {
			isa = PBXGroup;
			children = (
				457471712C0E26C8008C110D /* HomeView.swift */,
			);
			path = View;
			sourceTree = "<group>";
		};
		4574717A2C0F194E008C110D /* Repository */ = {
			isa = PBXGroup;
			children = (
			);
			path = Repository;
			sourceTree = "<group>";
		};
		4574717B2C0F1958008C110D /* ViewModel */ = {
			isa = PBXGroup;
			children = (
			);
			path = ViewModel;
			sourceTree = "<group>";
		};
/* End PBXGroup section */

/* Begin PBXNativeTarget section */
		457471402C05D623008C110D /* SaveLink */ = {
			isa = PBXNativeTarget;
			buildConfigurationList = 4574714F2C05D624008C110D /* Build configuration list for PBXNativeTarget "SaveLink" */;
			buildPhases = (
				4574713D2C05D623008C110D /* Sources */,
				4574713E2C05D623008C110D /* Frameworks */,
				4574713F2C05D623008C110D /* Resources */,
			);
			buildRules = (
			);
			dependencies = (
			);
			name = SaveLink;
			packageProductDependencies = (
				457471532C05D650008C110D /* FirebaseAnalytics */,
				457471572C05D7CC008C110D /* FirebaseAnalyticsOnDeviceConversion */,
				457471592C05D7CC008C110D /* FirebaseAnalyticsSwift */,
				457471632C09C827008C110D /* FirebaseAuth */,
				457471742C0F1917008C110D /* FirebaseFirestore */,
				457471762C0F192D008C110D /* FirebaseFirestoreSwift */,
			);
			productName = SaveLink;
			productReference = 457471412C05D623008C110D /* SaveLink.app */;
			productType = "com.apple.product-type.application";
		};
/* End PBXNativeTarget section */

/* Begin PBXProject section */
		457471392C05D623008C110D /* Project object */ = {
			isa = PBXProject;
			attributes = {
				BuildIndependentTargetsInParallel = 1;
				LastSwiftUpdateCheck = 1540;
				LastUpgradeCheck = 1540;
				TargetAttributes = {
					457471402C05D623008C110D = {
						CreatedOnToolsVersion = 15.4;
					};
				};
			};
			buildConfigurationList = 4574713C2C05D623008C110D /* Build configuration list for PBXProject "SaveLink" */;
			compatibilityVersion = "Xcode 14.0";
			developmentRegion = en;
			hasScannedForEncodings = 0;
			knownRegions = (
				en,
				Base,
			);
			mainGroup = 457471382C05D623008C110D;
			packageReferences = (
				457471522C05D650008C110D /* XCRemoteSwiftPackageReference "firebase-ios-sdk" */,
			);
			productRefGroup = 457471422C05D623008C110D /* Products */;
			projectDirPath = "";
			projectRoot = "";
			targets = (
				457471402C05D623008C110D /* SaveLink */,
			);
		};
/* End PBXProject section */

/* Begin PBXResourcesBuildPhase section */
		4574713F2C05D623008C110D /* Resources */ = {
			isa = PBXResourcesBuildPhase;
			buildActionMask = 2147483647;
			files = (
				4574714C2C05D624008C110D /* Preview Assets.xcassets in Resources */,
				457471702C0E1F34008C110D /* GoogleService-Info.plist in Resources */,
				457471492C05D624008C110D /* Assets.xcassets in Resources */,
			);
			runOnlyForDeploymentPostprocessing = 0;
		};
/* End PBXResourcesBuildPhase section */

/* Begin PBXSourcesBuildPhase section */
		4574713D2C05D623008C110D /* Sources */ = {
			isa = PBXSourcesBuildPhase;
			buildActionMask = 2147483647;
			files = (
				457471722C0E26C8008C110D /* HomeView.swift in Sources */,
				457471472C05D623008C110D /* AuthenticationView.swift in Sources */,
				457471672C09C8A3008C110D /* AuthenticationFirebaseDataSource.swift in Sources */,
				457471612C05E3E2008C110D /* DismissView.swift in Sources */,
				4574715D2C05DFC2008C110D /* LoginWithEmailView.swift in Sources */,
				4574716E2C09CB33008C110D /* AuthenticationViewModel.swift in Sources */,
				4574715F2C05E339008C110D /* RegisterWithEmailView.swift in Sources */,
				457471452C05D623008C110D /* SaveLinkApp.swift in Sources */,
				4574716B2C09CA93008C110D /* AuthenticationRepository.swift in Sources */,
			);
			runOnlyForDeploymentPostprocessing = 0;
		};
/* End PBXSourcesBuildPhase section */

/* Begin XCBuildConfiguration section */
		4574714D2C05D624008C110D /* Debug */ = {
			isa = XCBuildConfiguration;
			buildSettings = {
				ALWAYS_SEARCH_USER_PATHS = NO;
				ASSETCATALOG_COMPILER_GENERATE_SWIFT_ASSET_SYMBOL_EXTENSIONS = YES;
				CLANG_ANALYZER_NONNULL = YES;
				CLANG_ANALYZER_NUMBER_OBJECT_CONVERSION = YES_AGGRESSIVE;
				CLANG_CXX_LANGUAGE_STANDARD = "gnu++20";
				CLANG_ENABLE_MODULES = YES;
				CLANG_ENABLE_OBJC_ARC = YES;
				CLANG_ENABLE_OBJC_WEAK = YES;
				CLANG_WARN_BLOCK_CAPTURE_AUTORELEASING = YES;
				CLANG_WARN_BOOL_CONVERSION = YES;
				CLANG_WARN_COMMA = YES;
				CLANG_WARN_CONSTANT_CONVERSION = YES;
				CLANG_WARN_DEPRECATED_OBJC_IMPLEMENTATIONS = YES;
				CLANG_WARN_DIRECT_OBJC_ISA_USAGE = YES_ERROR;
				CLANG_WARN_DOCUMENTATION_COMMENTS = YES;
				CLANG_WARN_EMPTY_BODY = YES;
				CLANG_WARN_ENUM_CONVERSION = YES;
				CLANG_WARN_INFINITE_RECURSION = YES;
				CLANG_WARN_INT_CONVERSION = YES;
				CLANG_WARN_NON_LITERAL_NULL_CONVERSION = YES;
				CLANG_WARN_OBJC_IMPLICIT_RETAIN_SELF = YES;
				CLANG_WARN_OBJC_LITERAL_CONVERSION = YES;
				CLANG_WARN_OBJC_ROOT_CLASS = YES_ERROR;
				CLANG_WARN_QUOTED_INCLUDE_IN_FRAMEWORK_HEADER = YES;
				CLANG_WARN_RANGE_LOOP_ANALYSIS = YES;
				CLANG_WARN_STRICT_PROTOTYPES = YES;
				CLANG_WARN_SUSPICIOUS_MOVE = YES;
				CLANG_WARN_UNGUARDED_AVAILABILITY = YES_AGGRESSIVE;
				CLANG_WARN_UNREACHABLE_CODE = YES;
				CLANG_WARN__DUPLICATE_METHOD_MATCH = YES;
				COPY_PHASE_STRIP = NO;
				DEBUG_INFORMATION_FORMAT = dwarf;
				ENABLE_STRICT_OBJC_MSGSEND = YES;
				ENABLE_TESTABILITY = YES;
				ENABLE_USER_SCRIPT_SANDBOXING = YES;
				GCC_C_LANGUAGE_STANDARD = gnu17;
				GCC_DYNAMIC_NO_PIC = NO;
				GCC_NO_COMMON_BLOCKS = YES;
				GCC_OPTIMIZATION_LEVEL = 0;
				GCC_PREPROCESSOR_DEFINITIONS = (
					"DEBUG=1",
					"$(inherited)",
				);
				GCC_WARN_64_TO_32_BIT_CONVERSION = YES;
				GCC_WARN_ABOUT_RETURN_TYPE = YES_ERROR;
				GCC_WARN_UNDECLARED_SELECTOR = YES;
				GCC_WARN_UNINITIALIZED_AUTOS = YES_AGGRESSIVE;
				GCC_WARN_UNUSED_FUNCTION = YES;
				GCC_WARN_UNUSED_VARIABLE = YES;
				IPHONEOS_DEPLOYMENT_TARGET = 17.5;
				LOCALIZATION_PREFERS_STRING_CATALOGS = YES;
				MTL_ENABLE_DEBUG_INFO = INCLUDE_SOURCE;
				MTL_FAST_MATH = YES;
				ONLY_ACTIVE_ARCH = YES;
				SDKROOT = iphoneos;
				SWIFT_ACTIVE_COMPILATION_CONDITIONS = "DEBUG $(inherited)";
				SWIFT_OPTIMIZATION_LEVEL = "-Onone";
			};
			name = Debug;
		};
		4574714E2C05D624008C110D /* Release */ = {
			isa = XCBuildConfiguration;
			buildSettings = {
				ALWAYS_SEARCH_USER_PATHS = NO;
				ASSETCATALOG_COMPILER_GENERATE_SWIFT_ASSET_SYMBOL_EXTENSIONS = YES;
				CLANG_ANALYZER_NONNULL = YES;
				CLANG_ANALYZER_NUMBER_OBJECT_CONVERSION = YES_AGGRESSIVE;
				CLANG_CXX_LANGUAGE_STANDARD = "gnu++20";
				CLANG_ENABLE_MODULES = YES;
				CLANG_ENABLE_OBJC_ARC = YES;
				CLANG_ENABLE_OBJC_WEAK = YES;
				CLANG_WARN_BLOCK_CAPTURE_AUTORELEASING = YES;
				CLANG_WARN_BOOL_CONVERSION = YES;
				CLANG_WARN_COMMA = YES;
				CLANG_WARN_CONSTANT_CONVERSION = YES;
				CLANG_WARN_DEPRECATED_OBJC_IMPLEMENTATIONS = YES;
				CLANG_WARN_DIRECT_OBJC_ISA_USAGE = YES_ERROR;
				CLANG_WARN_DOCUMENTATION_COMMENTS = YES;
				CLANG_WARN_EMPTY_BODY = YES;
				CLANG_WARN_ENUM_CONVERSION = YES;
				CLANG_WARN_INFINITE_RECURSION = YES;
				CLANG_WARN_INT_CONVERSION = YES;
				CLANG_WARN_NON_LITERAL_NULL_CONVERSION = YES;
				CLANG_WARN_OBJC_IMPLICIT_RETAIN_SELF = YES;
				CLANG_WARN_OBJC_LITERAL_CONVERSION = YES;
				CLANG_WARN_OBJC_ROOT_CLASS = YES_ERROR;
				CLANG_WARN_QUOTED_INCLUDE_IN_FRAMEWORK_HEADER = YES;
				CLANG_WARN_RANGE_LOOP_ANALYSIS = YES;
				CLANG_WARN_STRICT_PROTOTYPES = YES;
				CLANG_WARN_SUSPICIOUS_MOVE = YES;
				CLANG_WARN_UNGUARDED_AVAILABILITY = YES_AGGRESSIVE;
				CLANG_WARN_UNREACHABLE_CODE = YES;
				CLANG_WARN__DUPLICATE_METHOD_MATCH = YES;
				COPY_PHASE_STRIP = NO;
				DEBUG_INFORMATION_FORMAT = "dwarf-with-dsym";
				ENABLE_NS_ASSERTIONS = NO;
				ENABLE_STRICT_OBJC_MSGSEND = YES;
				ENABLE_USER_SCRIPT_SANDBOXING = YES;
				GCC_C_LANGUAGE_STANDARD = gnu17;
				GCC_NO_COMMON_BLOCKS = YES;
				GCC_WARN_64_TO_32_BIT_CONVERSION = YES;
				GCC_WARN_ABOUT_RETURN_TYPE = YES_ERROR;
				GCC_WARN_UNDECLARED_SELECTOR = YES;
				GCC_WARN_UNINITIALIZED_AUTOS = YES_AGGRESSIVE;
				GCC_WARN_UNUSED_FUNCTION = YES;
				GCC_WARN_UNUSED_VARIABLE = YES;
				IPHONEOS_DEPLOYMENT_TARGET = 17.5;
				LOCALIZATION_PREFERS_STRING_CATALOGS = YES;
				MTL_ENABLE_DEBUG_INFO = NO;
				MTL_FAST_MATH = YES;
				SDKROOT = iphoneos;
				SWIFT_COMPILATION_MODE = wholemodule;
				VALIDATE_PRODUCT = YES;
			};
			name = Release;
		};
		457471502C05D624008C110D /* Debug */ = {
			isa = XCBuildConfiguration;
			buildSettings = {
				ASSETCATALOG_COMPILER_APPICON_NAME = AppIcon;
				ASSETCATALOG_COMPILER_GLOBAL_ACCENT_COLOR_NAME = AccentColor;
				CODE_SIGN_STYLE = Automatic;
				CURRENT_PROJECT_VERSION = 1;
				DEVELOPMENT_ASSET_PATHS = "\"SaveLink/Preview Content\"";
				ENABLE_PREVIEWS = YES;
				GENERATE_INFOPLIST_FILE = YES;
				INFOPLIST_KEY_UIApplicationSceneManifest_Generation = YES;
				INFOPLIST_KEY_UIApplicationSupportsIndirectInputEvents = YES;
				INFOPLIST_KEY_UILaunchScreen_Generation = YES;
				INFOPLIST_KEY_UISupportedInterfaceOrientations_iPad = "UIInterfaceOrientationPortrait UIInterfaceOrientationPortraitUpsideDown UIInterfaceOrientationLandscapeLeft UIInterfaceOrientationLandscapeRight";
				INFOPLIST_KEY_UISupportedInterfaceOrientations_iPhone = "UIInterfaceOrientationPortrait UIInterfaceOrientationLandscapeLeft UIInterfaceOrientationLandscapeRight";
				LD_RUNPATH_SEARCH_PATHS = (
					"$(inherited)",
					"@executable_path/Frameworks",
				);
				MARKETING_VERSION = 1.0;
				PRODUCT_BUNDLE_IDENTIFIER = dev.ruben.SaveLink;
				PRODUCT_NAME = "$(TARGET_NAME)";
				SWIFT_EMIT_LOC_STRINGS = YES;
				SWIFT_VERSION = 5.0;
				TARGETED_DEVICE_FAMILY = "1,2";
			};
			name = Debug;
		};
		457471512C05D624008C110D /* Release */ = {
			isa = XCBuildConfiguration;
			buildSettings = {
				ASSETCATALOG_COMPILER_APPICON_NAME = AppIcon;
				ASSETCATALOG_COMPILER_GLOBAL_ACCENT_COLOR_NAME = AccentColor;
				CODE_SIGN_STYLE = Automatic;
				CURRENT_PROJECT_VERSION = 1;
				DEVELOPMENT_ASSET_PATHS = "\"SaveLink/Preview Content\"";
				ENABLE_PREVIEWS = YES;
				GENERATE_INFOPLIST_FILE = YES;
				INFOPLIST_KEY_UIApplicationSceneManifest_Generation = YES;
				INFOPLIST_KEY_UIApplicationSupportsIndirectInputEvents = YES;
				INFOPLIST_KEY_UILaunchScreen_Generation = YES;
				INFOPLIST_KEY_UISupportedInterfaceOrientations_iPad = "UIInterfaceOrientationPortrait UIInterfaceOrientationPortraitUpsideDown UIInterfaceOrientationLandscapeLeft UIInterfaceOrientationLandscapeRight";
				INFOPLIST_KEY_UISupportedInterfaceOrientations_iPhone = "UIInterfaceOrientationPortrait UIInterfaceOrientationLandscapeLeft UIInterfaceOrientationLandscapeRight";
				LD_RUNPATH_SEARCH_PATHS = (
					"$(inherited)",
					"@executable_path/Frameworks",
				);
				MARKETING_VERSION = 1.0;
				PRODUCT_BUNDLE_IDENTIFIER = dev.ruben.SaveLink;
				PRODUCT_NAME = "$(TARGET_NAME)";
				SWIFT_EMIT_LOC_STRINGS = YES;
				SWIFT_VERSION = 5.0;
				TARGETED_DEVICE_FAMILY = "1,2";
			};
			name = Release;
		};
/* End XCBuildConfiguration section */

/* Begin XCConfigurationList section */
		4574713C2C05D623008C110D /* Build configuration list for PBXProject "SaveLink" */ = {
			isa = XCConfigurationList;
			buildConfigurations = (
				4574714D2C05D624008C110D /* Debug */,
				4574714E2C05D624008C110D /* Release */,
			);
			defaultConfigurationIsVisible = 0;
			defaultConfigurationName = Release;
		};
		4574714F2C05D624008C110D /* Build configuration list for PBXNativeTarget "SaveLink" */ = {
			isa = XCConfigurationList;
			buildConfigurations = (
				457471502C05D624008C110D /* Debug */,
				457471512C05D624008C110D /* Release */,
			);
			defaultConfigurationIsVisible = 0;
			defaultConfigurationName = Release;
		};
/* End XCConfigurationList section */

/* Begin XCRemoteSwiftPackageReference section */
		457471522C05D650008C110D /* XCRemoteSwiftPackageReference "firebase-ios-sdk" */ = {
			isa = XCRemoteSwiftPackageReference;
			repositoryURL = "https://github.com/firebase/firebase-ios-sdk.git";
			requirement = {
				kind = upToNextMajorVersion;
				minimumVersion = 10.26.0;
			};
		};
/* End XCRemoteSwiftPackageReference section */

/* Begin XCSwiftPackageProductDependency section */
		457471532C05D650008C110D /* FirebaseAnalytics */ = {
			isa = XCSwiftPackageProductDependency;
			package = 457471522C05D650008C110D /* XCRemoteSwiftPackageReference "firebase-ios-sdk" */;
			productName = FirebaseAnalytics;
		};
		457471572C05D7CC008C110D /* FirebaseAnalyticsOnDeviceConversion */ = {
			isa = XCSwiftPackageProductDependency;
			package = 457471522C05D650008C110D /* XCRemoteSwiftPackageReference "firebase-ios-sdk" */;
			productName = FirebaseAnalyticsOnDeviceConversion;
		};
		457471592C05D7CC008C110D /* FirebaseAnalyticsSwift */ = {
			isa = XCSwiftPackageProductDependency;
			package = 457471522C05D650008C110D /* XCRemoteSwiftPackageReference "firebase-ios-sdk" */;
			productName = FirebaseAnalyticsSwift;
		};
		457471632C09C827008C110D /* FirebaseAuth */ = {
			isa = XCSwiftPackageProductDependency;
			package = 457471522C05D650008C110D /* XCRemoteSwiftPackageReference "firebase-ios-sdk" */;
			productName = FirebaseAuth;
		};
		457471742C0F1917008C110D /* FirebaseFirestore */ = {
			isa = XCSwiftPackageProductDependency;
			package = 457471522C05D650008C110D /* XCRemoteSwiftPackageReference "firebase-ios-sdk" */;
			productName = FirebaseFirestore;
		};
		457471762C0F192D008C110D /* FirebaseFirestoreSwift */ = {
			isa = XCSwiftPackageProductDependency;
			package = 457471522C05D650008C110D /* XCRemoteSwiftPackageReference "firebase-ios-sdk" */;
			productName = FirebaseFirestoreSwift;
		};
/* End XCSwiftPackageProductDependency section */
	};
	rootObject = 457471392C05D623008C110D /* Project object */;
}
